// !$*UTF8*$!
{
	archiveVersion = 1;
	classes = {
	};
	objectVersion = 50;
	objects = {

/* Begin PBXBuildFile section */
		973877A9265E3BFE00BC0C45 /* AppDelegate.swift in Sources */ = {isa = PBXBuildFile; fileRef = 973877A8265E3BFE00BC0C45 /* AppDelegate.swift */; };
		973877AB265E3BFE00BC0C45 /* SceneDelegate.swift in Sources */ = {isa = PBXBuildFile; fileRef = 973877AA265E3BFE00BC0C45 /* SceneDelegate.swift */; };
		973877AD265E3BFE00BC0C45 /* ViewController.swift in Sources */ = {isa = PBXBuildFile; fileRef = 973877AC265E3BFE00BC0C45 /* ViewController.swift */; };
		973877B0265E3BFE00BC0C45 /* Main.storyboard in Resources */ = {isa = PBXBuildFile; fileRef = 973877AE265E3BFE00BC0C45 /* Main.storyboard */; };
		973877B2265E3C0200BC0C45 /* Assets.xcassets in Resources */ = {isa = PBXBuildFile; fileRef = 973877B1265E3C0200BC0C45 /* Assets.xcassets */; };
		973877B5265E3C0200BC0C45 /* LaunchScreen.storyboard in Resources */ = {isa = PBXBuildFile; fileRef = 973877B3265E3C0200BC0C45 /* LaunchScreen.storyboard */; };
		973877C0265E3C0300BC0C45 /* GitTestingTests.swift in Sources */ = {isa = PBXBuildFile; fileRef = 973877BF265E3C0300BC0C45 /* GitTestingTests.swift */; };
		973877CB265E3C0300BC0C45 /* GitTestingUITests.swift in Sources */ = {isa = PBXBuildFile; fileRef = 973877CA265E3C0300BC0C45 /* GitTestingUITests.swift */; };
/* End PBXBuildFile section */

/* Begin PBXContainerItemProxy section */
		973877BC265E3C0300BC0C45 /* PBXContainerItemProxy */ = {
			isa = PBXContainerItemProxy;
			containerPortal = 9738779D265E3BFE00BC0C45 /* Project object */;
			proxyType = 1;
			remoteGlobalIDString = 973877A4265E3BFE00BC0C45;
			remoteInfo = GitTesting;
		};
		973877C7265E3C0300BC0C45 /* PBXContainerItemProxy */ = {
			isa = PBXContainerItemProxy;
			containerPortal = 9738779D265E3BFE00BC0C45 /* Project object */;
			proxyType = 1;
			remoteGlobalIDString = 973877A4265E3BFE00BC0C45;
			remoteInfo = GitTesting;
		};
/* End PBXContainerItemProxy section */

/* Begin PBXFileReference section */
		973877A5265E3BFE00BC0C45 /* GitTesting.app */ = {isa = PBXFileReference; explicitFileType = wrapper.application; includeInIndex = 0; path = GitTesting.app; sourceTree = BUILT_PRODUCTS_DIR; };
		973877A8265E3BFE00BC0C45 /* AppDelegate.swift */ = {isa = PBXFileReference; lastKnownFileType = sourcecode.swift; path = AppDelegate.swift; sourceTree = "<group>"; };
		973877AA265E3BFE00BC0C45 /* SceneDelegate.swift */ = {isa = PBXFileReference; lastKnownFileType = sourcecode.swift; path = SceneDelegate.swift; sourceTree = "<group>"; };
		973877AC265E3BFE00BC0C45 /* ViewController.swift */ = {isa = PBXFileReference; lastKnownFileType = sourcecode.swift; path = ViewController.swift; sourceTree = "<group>"; };
		973877AF265E3BFE00BC0C45 /* Base */ = {isa = PBXFileReference; lastKnownFileType = file.storyboard; name = Base; path = Base.lproj/Main.storyboard; sourceTree = "<group>"; };
		973877B1265E3C0200BC0C45 /* Assets.xcassets */ = {isa = PBXFileReference; lastKnownFileType = folder.assetcatalog; path = Assets.xcassets; sourceTree = "<group>"; };
		973877B4265E3C0200BC0C45 /* Base */ = {isa = PBXFileReference; lastKnownFileType = file.storyboard; name = Base; path = Base.lproj/LaunchScreen.storyboard; sourceTree = "<group>"; };
		973877B6265E3C0200BC0C45 /* Info.plist */ = {isa = PBXFileReference; lastKnownFileType = text.plist.xml; path = Info.plist; sourceTree = "<group>"; };
		973877BB265E3C0300BC0C45 /* GitTestingTests.xctest */ = {isa = PBXFileReference; explicitFileType = wrapper.cfbundle; includeInIndex = 0; path = GitTestingTests.xctest; sourceTree = BUILT_PRODUCTS_DIR; };
		973877BF265E3C0300BC0C45 /* GitTestingTests.swift */ = {isa = PBXFileReference; lastKnownFileType = sourcecode.swift; path = GitTestingTests.swift; sourceTree = "<group>"; };
		973877C1265E3C0300BC0C45 /* Info.plist */ = {isa = PBXFileReference; lastKnownFileType = text.plist.xml; path = Info.plist; sourceTree = "<group>"; };
		973877C6265E3C0300BC0C45 /* GitTestingUITests.xctest */ = {isa = PBXFileReference; explicitFileType = wrapper.cfbundle; includeInIndex = 0; path = GitTestingUITests.xctest; sourceTree = BUILT_PRODUCTS_DIR; };
		973877CA265E3C0300BC0C45 /* GitTestingUITests.swift */ = {isa = PBXFileReference; lastKnownFileType = sourcecode.swift; path = GitTestingUITests.swift; sourceTree = "<group>"; };
		973877CC265E3C0300BC0C45 /* Info.plist */ = {isa = PBXFileReference; lastKnownFileType = text.plist.xml; path = Info.plist; sourceTree = "<group>"; };
/* End PBXFileReference section */

/* Begin PBXFrameworksBuildPhase section */
		973877A2265E3BFE00BC0C45 /* Frameworks */ = {
			isa = PBXFrameworksBuildPhase;
			buildActionMask = 2147483647;
			files = (
			);
			runOnlyForDeploymentPostprocessing = 0;
		};
		973877B8265E3C0300BC0C45 /* Frameworks */ = {
			isa = PBXFrameworksBuildPhase;
			buildActionMask = 2147483647;
			files = (
			);
			runOnlyForDeploymentPostprocessing = 0;
		};
		973877C3265E3C0300BC0C45 /* Frameworks */ = {
			isa = PBXFrameworksBuildPhase;
			buildActionMask = 2147483647;
			files = (
			);
			runOnlyForDeploymentPostprocessing = 0;
		};
/* End PBXFrameworksBuildPhase section */

/* Begin PBXGroup section */
		9738779C265E3BFE00BC0C45 = {
			isa = PBXGroup;
			children = (
				973877A7265E3BFE00BC0C45 /* GitTesting */,
				973877BE265E3C0300BC0C45 /* GitTestingTests */,
				973877C9265E3C0300BC0C45 /* GitTestingUITests */,
				973877A6265E3BFE00BC0C45 /* Products */,
			);
			sourceTree = "<group>";
		};
		973877A6265E3BFE00BC0C45 /* Products */ = {
			isa = PBXGroup;
			children = (
				973877A5265E3BFE00BC0C45 /* GitTesting.app */,
				973877BB265E3C0300BC0C45 /* GitTestingTests.xctest */,
				973877C6265E3C0300BC0C45 /* GitTestingUITests.xctest */,
			);
			name = Products;
			sourceTree = "<group>";
		};
		973877A7265E3BFE00BC0C45 /* GitTesting */ = {
			isa = PBXGroup;
			children = (
				973877A8265E3BFE00BC0C45 /* AppDelegate.swift */,
				973877AA265E3BFE00BC0C45 /* SceneDelegate.swift */,
				973877AC265E3BFE00BC0C45 /* ViewController.swift */,
				973877AE265E3BFE00BC0C45 /* Main.storyboard */,
				973877B1265E3C0200BC0C45 /* Assets.xcassets */,
				973877B3265E3C0200BC0C45 /* LaunchScreen.storyboard */,
				973877B6265E3C0200BC0C45 /* Info.plist */,
			);
			path = GitTesting;
			sourceTree = "<group>";
		};
		973877BE265E3C0300BC0C45 /* GitTestingTests */ = {
			isa = PBXGroup;
			children = (
				973877BF265E3C0300BC0C45 /* GitTestingTests.swift */,
				973877C1265E3C0300BC0C45 /* Info.plist */,
			);
			path = GitTestingTests;
			sourceTree = "<group>";
		};
		973877C9265E3C0300BC0C45 /* GitTestingUITests */ = {
			isa = PBXGroup;
			children = (
				973877CA265E3C0300BC0C45 /* GitTestingUITests.swift */,
				973877CC265E3C0300BC0C45 /* Info.plist */,
			);
			path = GitTestingUITests;
			sourceTree = "<group>";
		};
/* End PBXGroup section */

/* Begin PBXNativeTarget section */
		973877A4265E3BFE00BC0C45 /* GitTesting */ = {
			isa = PBXNativeTarget;
			buildConfigurationList = 973877CF265E3C0300BC0C45 /* Build configuration list for PBXNativeTarget "GitTesting" */;
			buildPhases = (
				973877A1265E3BFE00BC0C45 /* Sources */,
				973877A2265E3BFE00BC0C45 /* Frameworks */,
				973877A3265E3BFE00BC0C45 /* Resources */,
			);
			buildRules = (
			);
			dependencies = (
			);
			name = GitTesting;
			productName = GitTesting;
			productReference = 973877A5265E3BFE00BC0C45 /* GitTesting.app */;
			productType = "com.apple.product-type.application";
		};
		973877BA265E3C0300BC0C45 /* GitTestingTests */ = {
			isa = PBXNativeTarget;
			buildConfigurationList = 973877D2265E3C0300BC0C45 /* Build configuration list for PBXNativeTarget "GitTestingTests" */;
			buildPhases = (
				973877B7265E3C0300BC0C45 /* Sources */,
				973877B8265E3C0300BC0C45 /* Frameworks */,
				973877B9265E3C0300BC0C45 /* Resources */,
			);
			buildRules = (
			);
			dependencies = (
				973877BD265E3C0300BC0C45 /* PBXTargetDependency */,
			);
			name = GitTestingTests;
			productName = GitTestingTests;
			productReference = 973877BB265E3C0300BC0C45 /* GitTestingTests.xctest */;
			productType = "com.apple.product-type.bundle.unit-test";
		};
		973877C5265E3C0300BC0C45 /* GitTestingUITests */ = {
			isa = PBXNativeTarget;
			buildConfigurationList = 973877D5265E3C0300BC0C45 /* Build configuration list for PBXNativeTarget "GitTestingUITests" */;
			buildPhases = (
				973877C2265E3C0300BC0C45 /* Sources */,
				973877C3265E3C0300BC0C45 /* Frameworks */,
				973877C4265E3C0300BC0C45 /* Resources */,
			);
			buildRules = (
			);
			dependencies = (
				973877C8265E3C0300BC0C45 /* PBXTargetDependency */,
			);
			name = GitTestingUITests;
			productName = GitTestingUITests;
			productReference = 973877C6265E3C0300BC0C45 /* GitTestingUITests.xctest */;
			productType = "com.apple.product-type.bundle.ui-testing";
		};
/* End PBXNativeTarget section */

/* Begin PBXProject section */
		9738779D265E3BFE00BC0C45 /* Project object */ = {
			isa = PBXProject;
			attributes = {
				LastSwiftUpdateCheck = 1250;
				LastUpgradeCheck = 1250;
				TargetAttributes = {
					973877A4265E3BFE00BC0C45 = {
						CreatedOnToolsVersion = 12.5;
					};
					973877BA265E3C0300BC0C45 = {
						CreatedOnToolsVersion = 12.5;
						TestTargetID = 973877A4265E3BFE00BC0C45;
					};
					973877C5265E3C0300BC0C45 = {
						CreatedOnToolsVersion = 12.5;
						TestTargetID = 973877A4265E3BFE00BC0C45;
					};
				};
			};
			buildConfigurationList = 973877A0265E3BFE00BC0C45 /* Build configuration list for PBXProject "GitTesting" */;
			compatibilityVersion = "Xcode 9.3";
			developmentRegion = en;
			hasScannedForEncodings = 0;
			knownRegions = (
				en,
				Base,
			);
			mainGroup = 9738779C265E3BFE00BC0C45;
			productRefGroup = 973877A6265E3BFE00BC0C45 /* Products */;
			projectDirPath = "";
			projectRoot = "";
			targets = (
				973877A4265E3BFE00BC0C45 /* GitTesting */,
				973877BA265E3C0300BC0C45 /* GitTestingTests */,
				973877C5265E3C0300BC0C45 /* GitTestingUITests */,
			);
		};
/* End PBXProject section */

/* Begin PBXResourcesBuildPhase section */
		973877A3265E3BFE00BC0C45 /* Resources */ = {
			isa = PBXResourcesBuildPhase;
			buildActionMask = 2147483647;
			files = (
				973877B5265E3C0200BC0C45 /* LaunchScreen.storyboard in Resources */,
				973877B2265E3C0200BC0C45 /* Assets.xcassets in Resources */,
				973877B0265E3BFE00BC0C45 /* Main.storyboard in Resources */,
			);
			runOnlyForDeploymentPostprocessing = 0;
		};
		973877B9265E3C0300BC0C45 /* Resources */ = {
			isa = PBXResourcesBuildPhase;
			buildActionMask = 2147483647;
			files = (
			);
			runOnlyForDeploymentPostprocessing = 0;
		};
		973877C4265E3C0300BC0C45 /* Resources */ = {
			isa = PBXResourcesBuildPhase;
			buildActionMask = 2147483647;
			files = (
			);
			runOnlyForDeploymentPostprocessing = 0;
		};
/* End PBXResourcesBuildPhase section */

/* Begin PBXSourcesBuildPhase section */
		973877A1265E3BFE00BC0C45 /* Sources */ = {
			isa = PBXSourcesBuildPhase;
			buildActionMask = 2147483647;
			files = (
				973877AD265E3BFE00BC0C45 /* ViewController.swift in Sources */,
				973877A9265E3BFE00BC0C45 /* AppDelegate.swift in Sources */,
				973877AB265E3BFE00BC0C45 /* SceneDelegate.swift in Sources */,
			);
			runOnlyForDeploymentPostprocessing = 0;
		};
		973877B7265E3C0300BC0C45 /* Sources */ = {
			isa = PBXSourcesBuildPhase;
			buildActionMask = 2147483647;
			files = (
				973877C0265E3C0300BC0C45 /* GitTestingTests.swift in Sources */,
			);
			runOnlyForDeploymentPostprocessing = 0;
		};
		973877C2265E3C0300BC0C45 /* Sources */ = {
			isa = PBXSourcesBuildPhase;
			buildActionMask = 2147483647;
			files = (
				973877CB265E3C0300BC0C45 /* GitTestingUITests.swift in Sources */,
			);
			runOnlyForDeploymentPostprocessing = 0;
		};
/* End PBXSourcesBuildPhase section */

/* Begin PBXTargetDependency section */
		973877BD265E3C0300BC0C45 /* PBXTargetDependency */ = {
			isa = PBXTargetDependency;
			target = 973877A4265E3BFE00BC0C45 /* GitTesting */;
			targetProxy = 973877BC265E3C0300BC0C45 /* PBXContainerItemProxy */;
		};
		973877C8265E3C0300BC0C45 /* PBXTargetDependency */ = {
			isa = PBXTargetDependency;
			target = 973877A4265E3BFE00BC0C45 /* GitTesting */;
			targetProxy = 973877C7265E3C0300BC0C45 /* PBXContainerItemProxy */;
		};
/* End PBXTargetDependency section */

/* Begin PBXVariantGroup section */
		973877AE265E3BFE00BC0C45 /* Main.storyboard */ = {
			isa = PBXVariantGroup;
			children = (
				973877AF265E3BFE00BC0C45 /* Base */,
			);
			name = Main.storyboard;
			sourceTree = "<group>";
		};
		973877B3265E3C0200BC0C45 /* LaunchScreen.storyboard */ = {
			isa = PBXVariantGroup;
			children = (
				973877B4265E3C0200BC0C45 /* Base */,
			);
			name = LaunchScreen.storyboard;
			sourceTree = "<group>";
		};
/* End PBXVariantGroup section */

/* Begin XCBuildConfiguration section */
		973877CD265E3C0300BC0C45 /* Debug */ = {
			isa = XCBuildConfiguration;
			buildSettings = {
				ALWAYS_SEARCH_USER_PATHS = NO;
				CLANG_ANALYZER_NONNULL = YES;
				CLANG_ANALYZER_NUMBER_OBJECT_CONVERSION = YES_AGGRESSIVE;
				CLANG_CXX_LANGUAGE_STANDARD = "gnu++14";
				CLANG_CXX_LIBRARY = "libc++";
				CLANG_ENABLE_MODULES = YES;
				CLANG_ENABLE_OBJC_ARC = YES;
				CLANG_ENABLE_OBJC_WEAK = YES;
				CLANG_WARN_BLOCK_CAPTURE_AUTORELEASING = YES;
				CLANG_WARN_BOOL_CONVERSION = YES;
				CLANG_WARN_COMMA = YES;
				CLANG_WARN_CONSTANT_CONVERSION = YES;
				CLANG_WARN_DEPRECATED_OBJC_IMPLEMENTATIONS = YES;
				CLANG_WARN_DIRECT_OBJC_ISA_USAGE = YES_ERROR;
				CLANG_WARN_DOCUMENTATION_COMMENTS = YES;
				CLANG_WARN_EMPTY_BODY = YES;
				CLANG_WARN_ENUM_CONVERSION = YES;
				CLANG_WARN_INFINITE_RECURSION = YES;
				CLANG_WARN_INT_CONVERSION = YES;
				CLANG_WARN_NON_LITERAL_NULL_CONVERSION = YES;
				CLANG_WARN_OBJC_IMPLICIT_RETAIN_SELF = YES;
				CLANG_WARN_OBJC_LITERAL_CONVERSION = YES;
				CLANG_WARN_OBJC_ROOT_CLASS = YES_ERROR;
				CLANG_WARN_QUOTED_INCLUDE_IN_FRAMEWORK_HEADER = YES;
				CLANG_WARN_RANGE_LOOP_ANALYSIS = YES;
				CLANG_WARN_STRICT_PROTOTYPES = YES;
				CLANG_WARN_SUSPICIOUS_MOVE = YES;
				CLANG_WARN_UNGUARDED_AVAILABILITY = YES_AGGRESSIVE;
				CLANG_WARN_UNREACHABLE_CODE = YES;
				CLANG_WARN__DUPLICATE_METHOD_MATCH = YES;
				COPY_PHASE_STRIP = NO;
				DEBUG_INFORMATION_FORMAT = dwarf;
				ENABLE_STRICT_OBJC_MSGSEND = YES;
				ENABLE_TESTABILITY = YES;
				GCC_C_LANGUAGE_STANDARD = gnu11;
				GCC_DYNAMIC_NO_PIC = NO;
				GCC_NO_COMMON_BLOCKS = YES;
				GCC_OPTIMIZATION_LEVEL = 0;
				GCC_PREPROCESSOR_DEFINITIONS = (
					"DEBUG=1",
					"$(inherited)",
				);
				GCC_WARN_64_TO_32_BIT_CONVERSION = YES;
				GCC_WARN_ABOUT_RETURN_TYPE = YES_ERROR;
				GCC_WARN_UNDECLARED_SELECTOR = YES;
				GCC_WARN_UNINITIALIZED_AUTOS = YES_AGGRESSIVE;
				GCC_WARN_UNUSED_FUNCTION = YES;
				GCC_WARN_UNUSED_VARIABLE = YES;
				IPHONEOS_DEPLOYMENT_TARGET = 14.5;
				MTL_ENABLE_DEBUG_INFO = INCLUDE_SOURCE;
				MTL_FAST_MATH = YES;
				ONLY_ACTIVE_ARCH = YES;
				SDKROOT = iphoneos;
				SWIFT_ACTIVE_COMPILATION_CONDITIONS = DEBUG;
				SWIFT_OPTIMIZATION_LEVEL = "-Onone";
			};
			name = Debug;
		};
		973877CE265E3C0300BC0C45 /* Release */ = {
			isa = XCBuildConfiguration;
			buildSettings = {
				ALWAYS_SEARCH_USER_PATHS = NO;
				CLANG_ANALYZER_NONNULL = YES;
				CLANG_ANALYZER_NUMBER_OBJECT_CONVERSION = YES_AGGRESSIVE;
				CLANG_CXX_LANGUAGE_STANDARD = "gnu++14";
				CLANG_CXX_LIBRARY = "libc++";
				CLANG_ENABLE_MODULES = YES;
				CLANG_ENABLE_OBJC_ARC = YES;
				CLANG_ENABLE_OBJC_WEAK = YES;
				CLANG_WARN_BLOCK_CAPTURE_AUTORELEASING = YES;
				CLANG_WARN_BOOL_CONVERSION = YES;
				CLANG_WARN_COMMA = YES;
				CLANG_WARN_CONSTANT_CONVERSION = YES;
				CLANG_WARN_DEPRECATED_OBJC_IMPLEMENTATIONS = YES;
				CLANG_WARN_DIRECT_OBJC_ISA_USAGE = YES_ERROR;
				CLANG_WARN_DOCUMENTATION_COMMENTS = YES;
				CLANG_WARN_EMPTY_BODY = YES;
				CLANG_WARN_ENUM_CONVERSION = YES;
				CLANG_WARN_INFINITE_RECURSION = YES;
				CLANG_WARN_INT_CONVERSION = YES;
				CLANG_WARN_NON_LITERAL_NULL_CONVERSION = YES;
				CLANG_WARN_OBJC_IMPLICIT_RETAIN_SELF = YES;
				CLANG_WARN_OBJC_LITERAL_CONVERSION = YES;
				CLANG_WARN_OBJC_ROOT_CLASS = YES_ERROR;
				CLANG_WARN_QUOTED_INCLUDE_IN_FRAMEWORK_HEADER = YES;
				CLANG_WARN_RANGE_LOOP_ANALYSIS = YES;
				CLANG_WARN_STRICT_PROTOTYPES = YES;
				CLANG_WARN_SUSPICIOUS_MOVE = YES;
				CLANG_WARN_UNGUARDED_AVAILABILITY = YES_AGGRESSIVE;
				CLANG_WARN_UNREACHABLE_CODE = YES;
				CLANG_WARN__DUPLICATE_METHOD_MATCH = YES;
				COPY_PHASE_STRIP = NO;
				DEBUG_INFORMATION_FORMAT = "dwarf-with-dsym";
				ENABLE_NS_ASSERTIONS = NO;
				ENABLE_STRICT_OBJC_MSGSEND = YES;
				GCC_C_LANGUAGE_STANDARD = gnu11;
				GCC_NO_COMMON_BLOCKS = YES;
				GCC_WARN_64_TO_32_BIT_CONVERSION = YES;
				GCC_WARN_ABOUT_RETURN_TYPE = YES_ERROR;
				GCC_WARN_UNDECLARED_SELECTOR = YES;
				GCC_WARN_UNINITIALIZED_AUTOS = YES_AGGRESSIVE;
				GCC_WARN_UNUSED_FUNCTION = YES;
				GCC_WARN_UNUSED_VARIABLE = YES;
				IPHONEOS_DEPLOYMENT_TARGET = 14.5;
				MTL_ENABLE_DEBUG_INFO = NO;
				MTL_FAST_MATH = YES;
				SDKROOT = iphoneos;
				SWIFT_COMPILATION_MODE = wholemodule;
				SWIFT_OPTIMIZATION_LEVEL = "-O";
				VALIDATE_PRODUCT = YES;
			};
			name = Release;
		};
		973877D0265E3C0300BC0C45 /* Debug */ = {
			isa = XCBuildConfiguration;
			buildSettings = {
				ASSETCATALOG_COMPILER_APPICON_NAME = AppIcon;
				ASSETCATALOG_COMPILER_GLOBAL_ACCENT_COLOR_NAME = AccentColor;
				CODE_SIGN_STYLE = Automatic;
				DEVELOPMENT_TEAM = J4MFZ26949;
				INFOPLIST_FILE = GitTesting/Info.plist;
				LD_RUNPATH_SEARCH_PATHS = (
					"$(inherited)",
					"@executable_path/Frameworks",
				);
				PRODUCT_BUNDLE_IDENTIFIER = com..GitTesting;
				PRODUCT_NAME = "$(TARGET_NAME)";
				SWIFT_VERSION = 5.0;
				TARGETED_DEVICE_FAMILY = "1,2";
			};
			name = Debug;
		};
		973877D1265E3C0300BC0C45 /* Release */ = {
			isa = XCBuildConfiguration;
			buildSettings = {
				ASSETCATALOG_COMPILER_APPICON_NAME = AppIcon;
				ASSETCATALOG_COMPILER_GLOBAL_ACCENT_COLOR_NAME = AccentColor;
				CODE_SIGN_STYLE = Automatic;
				DEVELOPMENT_TEAM = J4MFZ26949;
				INFOPLIST_FILE = GitTesting/Info.plist;
				LD_RUNPATH_SEARCH_PATHS = (
					"$(inherited)",
					"@executable_path/Frameworks",
				);
				PRODUCT_BUNDLE_IDENTIFIER = com..GitTesting;
				PRODUCT_NAME = "$(TARGET_NAME)";
				SWIFT_VERSION = 5.0;
				TARGETED_DEVICE_FAMILY = "1,2";
			};
			name = Release;
		};
		973877D3265E3C0300BC0C45 /* Debug */ = {
			isa = XCBuildConfiguration;
			buildSettings = {
				ALWAYS_EMBED_SWIFT_STANDARD_LIBRARIES = YES;
				BUNDLE_LOADER = "$(TEST_HOST)";
				CODE_SIGN_STYLE = Automatic;
				DEVELOPMENT_TEAM = J4MFZ26949;
				INFOPLIST_FILE = GitTestingTests/Info.plist;
				IPHONEOS_DEPLOYMENT_TARGET = 14.5;
				LD_RUNPATH_SEARCH_PATHS = (
					"$(inherited)",
					"@executable_path/Frameworks",
					"@loader_path/Frameworks",
				);
				PRODUCT_BUNDLE_IDENTIFIER = com..GitTestingTests;
				PRODUCT_NAME = "$(TARGET_NAME)";
				SWIFT_VERSION = 5.0;
				TARGETED_DEVICE_FAMILY = "1,2";
				TEST_HOST = "$(BUILT_PRODUCTS_DIR)/GitTesting.app/GitTesting";
			};
			name = Debug;
		};
		973877D4265E3C0300BC0C45 /* Release */ = {
			isa = XCBuildConfiguration;
			buildSettings = {
				ALWAYS_EMBED_SWIFT_STANDARD_LIBRARIES = YES;
				BUNDLE_LOADER = "$(TEST_HOST)";
				CODE_SIGN_STYLE = Automatic;
				DEVELOPMENT_TEAM = J4MFZ26949;
				INFOPLIST_FILE = GitTestingTests/Info.plist;
				IPHONEOS_DEPLOYMENT_TARGET = 14.5;
				LD_RUNPATH_SEARCH_PATHS = (
					"$(inherited)",
					"@executable_path/Frameworks",
					"@loader_path/Frameworks",
				);
				PRODUCT_BUNDLE_IDENTIFIER = com..GitTestingTests;
				PRODUCT_NAME = "$(TARGET_NAME)";
				SWIFT_VERSION = 5.0;
				TARGETED_DEVICE_FAMILY = "1,2";
				TEST_HOST = "$(BUILT_PRODUCTS_DIR)/GitTesting.app/GitTesting";
			};
			name = Release;
		};
		973877D6265E3C0300BC0C45 /* Debug */ = {
			isa = XCBuildConfiguration;
			buildSettings = {
				ALWAYS_EMBED_SWIFT_STANDARD_LIBRARIES = YES;
				CODE_SIGN_STYLE = Automatic;
				DEVELOPMENT_TEAM = J4MFZ26949;
				INFOPLIST_FILE = GitTestingUITests/Info.plist;
				LD_RUNPATH_SEARCH_PATHS = (
					"$(inherited)",
					"@executable_path/Frameworks",
					"@loader_path/Frameworks",
				);
				PRODUCT_BUNDLE_IDENTIFIER = com..GitTestingUITests;
				PRODUCT_NAME = "$(TARGET_NAME)";
				SWIFT_VERSION = 5.0;
				TARGETED_DEVICE_FAMILY = "1,2";
				TEST_TARGET_NAME = GitTesting;
			};
			name = Debug;
		};
		973877D7265E3C0300BC0C45 /* Release */ = {
			isa = XCBuildConfiguration;
			buildSettings = {
				ALWAYS_EMBED_SWIFT_STANDARD_LIBRARIES = YES;
				CODE_SIGN_STYLE = Automatic;
				DEVELOPMENT_TEAM = J4MFZ26949;
				INFOPLIST_FILE = GitTestingUITests/Info.plist;
				LD_RUNPATH_SEARCH_PATHS = (
					"$(inherited)",
					"@executable_path/Frameworks",
					"@loader_path/Frameworks",
				);
				PRODUCT_BUNDLE_IDENTIFIER = com..GitTestingUITests;
				PRODUCT_NAME = "$(TARGET_NAME)";
				SWIFT_VERSION = 5.0;
				TARGETED_DEVICE_FAMILY = "1,2";
				TEST_TARGET_NAME = GitTesting;
			};
			name = Release;
		};
/* End XCBuildConfiguration section */

/* Begin XCConfigurationList section */
		973877A0265E3BFE00BC0C45 /* Build configuration list for PBXProject "GitTesting" */ = {
			isa = XCConfigurationList;
			buildConfigurations = (
				973877CD265E3C0300BC0C45 /* Debug */,
				973877CE265E3C0300BC0C45 /* Release */,
			);
			defaultConfigurationIsVisible = 0;
			defaultConfigurationName = Release;
		};
		973877CF265E3C0300BC0C45 /* Build configuration list for PBXNativeTarget "GitTesting" */ = {
			isa = XCConfigurationList;
			buildConfigurations = (
				973877D0265E3C0300BC0C45 /* Debug */,
				973877D1265E3C0300BC0C45 /* Release */,
			);
			defaultConfigurationIsVisible = 0;
			defaultConfigurationName = Release;
		};
		973877D2265E3C0300BC0C45 /* Build configuration list for PBXNativeTarget "GitTestingTests" */ = {
			isa = XCConfigurationList;
			buildConfigurations = (
				973877D3265E3C0300BC0C45 /* Debug */,
				973877D4265E3C0300BC0C45 /* Release */,
			);
			defaultConfigurationIsVisible = 0;
			defaultConfigurationName = Release;
		};
		973877D5265E3C0300BC0C45 /* Build configuration list for PBXNativeTarget "GitTestingUITests" */ = {
			isa = XCConfigurationList;
			buildConfigurations = (
				973877D6265E3C0300BC0C45 /* Debug */,
				973877D7265E3C0300BC0C45 /* Release */,
			);
			defaultConfigurationIsVisible = 0;
			defaultConfigurationName = Release;
		};
/* End XCConfigurationList section */
	};
	rootObject = 9738779D265E3BFE00BC0C45 /* Project object */;
}
